# THIS IS AN AUTOGENERATED FILE. DO NOT EDIT THIS FILE DIRECTLY.
# yarn lockfile v1


bcrypt-react-native@^1.1.1:
  version "1.1.1"
  resolved "https://registry.yarnpkg.com/bcrypt-react-native/-/bcrypt-react-native-1.1.1.tgz#a941aaadffc85d904b6a9e533a608b6e098c3126"
  integrity sha512-te5hqMgS+8w4N5EMih0cWIUgfNeFP0mFWynf6Vmrxo1gUa2zv7hYNUbLyztd0xYuN3vW3qHG1maEUa8FOA42lw==
